
Microsoft Visual Studio Solution File, Format Version 12.00
# Visual Studio Version 17
VisualStudioVersion = 17.14.36408.4 d17.14
MinimumVisualStudioVersion = 10.0.40219.1
Project("{FAE04EC0-301F-11D3-BF4B-00C04F79EFBC}") = "Domain", "Domain\Domain.csproj", "{B8A71110-0A91-4AA9-B79E-53AA389481AD}"
EndProject
Project("{FAE04EC0-301F-11D3-BF4B-00C04F79EFBC}") = "Infrastructure", "Infrastructure\Infrastructure.csproj", "{E6110E8F-FEB3-4E33-9ADD-F196A066FCC6}"
EndProject
Project("{FAE04EC0-301F-11D3-BF4B-00C04F79EFBC}") = "API", "API\API.csproj", "{D7915CAF-2CD5-4443-B730-3265D598689B}"
EndProject
Global
	GlobalSection(SolutionConfigurationPlatforms) = preSolution
		Debug|Any CPU = Debug|Any CPU
		Release|Any CPU = Release|Any CPU
	EndGlobalSection
	GlobalSection(ProjectConfigurationPlatforms) = postSolution
		{B8A71110-0A91-4AA9-B79E-53AA389481AD}.Debug|Any CPU.ActiveCfg = Debug|Any CPU
		{B8A71110-0A91-4AA9-B79E-53AA389481AD}.Debug|Any CPU.Build.0 = Debug|Any CPU
		{B8A71110-0A91-4AA9-B79E-53AA389481AD}.Release|Any CPU.ActiveCfg = Release|Any CPU
		{B8A71110-0A91-4AA9-B79E-53AA389481AD}.Release|Any CPU.Build.0 = Release|Any CPU
		{E6110E8F-FEB3-4E33-9ADD-F196A066FCC6}.Debug|Any CPU.ActiveCfg = Debug|Any CPU
		{E6110E8F-FEB3-4E33-9ADD-F196A066FCC6}.Debug|Any CPU.Build.0 = Debug|Any CPU
		{E6110E8F-FEB3-4E33-9ADD-F196A066FCC6}.Release|Any CPU.ActiveCfg = Release|Any CPU
		{E6110E8F-FEB3-4E33-9ADD-F196A066FCC6}.Release|Any CPU.Build.0 = Release|Any CPU
		{D7915CAF-2CD5-4443-B730-3265D598689B}.Debug|Any CPU.ActiveCfg = Debug|Any CPU
		{D7915CAF-2CD5-4443-B730-3265D598689B}.Debug|Any CPU.Build.0 = Debug|Any CPU
		{D7915CAF-2CD5-4443-B730-3265D598689B}.Release|Any CPU.ActiveCfg = Release|Any CPU
		{D7915CAF-2CD5-4443-B730-3265D598689B}.Release|Any CPU.Build.0 = Release|Any CPU
	EndGlobalSection
	GlobalSection(SolutionProperties) = preSolution
		HideSolutionNode = FALSE
	EndGlobalSection
	GlobalSection(ExtensibilityGlobals) = postSolution
		SolutionGuid = {5CEA117E-A06E-4ADB-99AA-CF59EB93EA5C}
	EndGlobalSection
EndGlobal
